
Microsoft Visual Studio Solution File, Format Version 12.00
# Visual Studio 14
VisualStudioVersion = 14.0.23107.0
MinimumVisualStudioVersion = 10.0.40219.1
Project("{FAE04EC0-301F-11D3-BF4B-00C04F79EFBC}") = "TwitterKO", "TwitterKO\TwitterKO.csproj", "{8C805DCB-4A37-419B-83AE-4C03ECD08CAD}"
EndProject
Project("{FAE04EC0-301F-11D3-BF4B-00C04F79EFBC}") = "TwitterKO.Tests", "TwitterKO.Tests\TwitterKO.Tests.csproj", "{1C50705D-B7D9-4620-A340-C4CACC859E61}"
EndProject
Global
	GlobalSection(SolutionConfigurationPlatforms) = preSolution
		Debug|Any CPU = Debug|Any CPU
		Release|Any CPU = Release|Any CPU
	EndGlobalSection
	GlobalSection(ProjectConfigurationPlatforms) = postSolution
		{8C805DCB-4A37-419B-83AE-4C03ECD08CAD}.Debug|Any CPU.ActiveCfg = Debug|Any CPU
		{8C805DCB-4A37-419B-83AE-4C03ECD08CAD}.Debug|Any CPU.Build.0 = Debug|Any CPU
		{8C805DCB-4A37-419B-83AE-4C03ECD08CAD}.Release|Any CPU.ActiveCfg = Release|Any CPU
		{8C805DCB-4A37-419B-83AE-4C03ECD08CAD}.Release|Any CPU.Build.0 = Release|Any CPU
		{1C50705D-B7D9-4620-A340-C4CACC859E61}.Debug|Any CPU.ActiveCfg = Debug|Any CPU
		{1C50705D-B7D9-4620-A340-C4CACC859E61}.Debug|Any CPU.Build.0 = Debug|Any CPU
		{1C50705D-B7D9-4620-A340-C4CACC859E61}.Release|Any CPU.ActiveCfg = Release|Any CPU
		{1C50705D-B7D9-4620-A340-C4CACC859E61}.Release|Any CPU.Build.0 = Release|Any CPU
	EndGlobalSection
	GlobalSection(SolutionProperties) = preSolution
		HideSolutionNode = FALSE
	EndGlobalSection
EndGlobal
